PODS:
  - Firebase (4.5.0):
    - Firebase/Core (= 4.5.0)
  - Firebase/AdMob (4.5.0):
    - Firebase/Core
    - Google-Mobile-Ads-SDK (= 7.25.0)
  - Firebase/Analytics (4.5.0):
    - Firebase/Core
  - Firebase/Auth (4.5.0):
    - Firebase/Core
    - FirebaseAuth (= 4.3.1)
  - Firebase/Core (4.5.0):
    - FirebaseAnalytics (= 4.0.4)
    - FirebaseCore (= 4.0.10)
  - Firebase/Crash (4.5.0):
    - Firebase/Core
    - FirebaseCrash (= 2.0.2)
  - Firebase/Database (4.5.0):
    - Firebase/Core
    - FirebaseDatabase (= 4.1.0)
  - Firebase/DynamicLinks (4.5.0):
    - Firebase/Core
    - FirebaseDynamicLinks (= 2.1.0)
  - Firebase/Invites (4.5.0):
    - Firebase/Core
    - FirebaseInvites (= 2.0.1)
  - Firebase/Messaging (4.5.0):
    - Firebase/Core
    - FirebaseMessaging (= 2.0.6)
  - Firebase/Performance (4.5.0):
    - Firebase/Core
    - FirebasePerformance (= 1.0.6)
  - Firebase/RemoteConfig (4.5.0):
    - Firebase/Core
    - FirebaseRemoteConfig (= 2.1.0)
  - Firebase/Storage (4.5.0):
    - Firebase/Core
    - FirebaseStorage (= 2.0.2)
  - FirebaseABTesting (1.0.0):
    - FirebaseCore (~> 4.0)
    - Protobuf (~> 3.1)
  - FirebaseAnalytics (4.0.4):
    - FirebaseCore (~> 4.0)
    - FirebaseInstanceID (~> 2.0)
    - GoogleToolboxForMac/NSData+zlib (~> 2.1)
    - nanopb (~> 0.3)
  - FirebaseAuth (4.3.1):
    - FirebaseAnalytics (~> 4.0)
    - GoogleToolboxForMac/NSDictionary+URLArguments (~> 2.1)
    - GTMSessionFetcher/Core (~> 1.1)
  - FirebaseCore (4.0.10):
    - GoogleToolboxForMac/NSData+zlib (~> 2.1)
    - nanopb (~> 0.3)
  - FirebaseCrash (2.0.2):
    - FirebaseAnalytics (~> 4.0)
    - FirebaseInstanceID (~> 2.0)
    - GoogleToolboxForMac/Logger (~> 2.1)
    - GoogleToolboxForMac/NSData+zlib (~> 2.1)
    - Protobuf (~> 3.1)
  - FirebaseDatabase (4.1.0):
    - FirebaseAnalytics (~> 4.0)
    - FirebaseCore (~> 4.0)
    - leveldb-library (~> 1.18)
  - FirebaseDynamicLinks (2.1.0):
    - FirebaseAnalytics (~> 4.0)
  - FirebaseInstanceID (2.0.5)
  - FirebaseInvites (2.0.1):
    - FirebaseAnalytics (~> 4.0)
    - FirebaseDynamicLinks (~> 2.1)
    - GoogleAPIClientForREST (~> 1.0)
    - GoogleSignIn (~> 4.0)
    - GoogleToolboxForMac/Logger (~> 2.1)
    - GoogleToolboxForMac/NSDictionary+URLArguments (~> 2.1)
    - GoogleToolboxForMac/NSString+URLArguments (~> 2.1)
    - GoogleToolboxForMac/StringEncoding (~> 2.1)
    - GoogleToolboxForMac/URLBuilder (~> 2.1)
    - GTMOAuth2 (~> 1.0)
    - GTMSessionFetcher/Core (~> 1.1)
    - GTMSessionFetcher/Full (~> 1.1)
    - Protobuf (~> 3.1)
  - FirebaseMessaging (2.0.6):
    - FirebaseAnalytics (~> 4.0)
    - FirebaseCore (~> 4.0)
    - FirebaseInstanceID (~> 2.0)
    - GoogleToolboxForMac/Logger (~> 2.1)
    - Protobuf (~> 3.1)
  - FirebasePerformance (1.0.6):
    - FirebaseAnalytics (~> 4.0)
    - FirebaseInstanceID (~> 2.0)
    - GoogleToolboxForMac/Logger (~> 2.1)
    - GoogleToolboxForMac/NSData+zlib (~> 2.1)
    - GTMSessionFetcher/Core (~> 1.1)
    - Protobuf (~> 3.1)
  - FirebaseRemoteConfig (2.1.0):
    - FirebaseABTesting (~> 1.0)
    - FirebaseAnalytics (~> 4.0)
    - FirebaseInstanceID (~> 2.0)
    - GoogleToolboxForMac/NSData+zlib (~> 2.1)
    - Protobuf (~> 3.1)
  - FirebaseStorage (2.0.2):
    - FirebaseAnalytics (~> 4.0)
    - FirebaseCore (~> 4.0)
    - GTMSessionFetcher/Core (~> 1.1)
  - Google-Mobile-Ads-SDK (7.25.0)
  - GoogleAPIClientForREST (1.3.1):
    - GoogleAPIClientForREST/Core (= 1.3.1)
    - GTMSessionFetcher (>= 1.1.7)
  - GoogleAPIClientForREST/Core (1.3.1):
    - GTMSessionFetcher (>= 1.1.7)
  - GoogleSignIn (4.1.1):
    - GoogleToolboxForMac/NSDictionary+URLArguments (~> 2.1)
    - GoogleToolboxForMac/NSString+URLArguments (~> 2.1)
    - GTMOAuth2 (~> 1.0)
    - GTMSessionFetcher/Core (~> 1.1)
  - GoogleToolboxForMac/Core (2.1.3):
    - GoogleToolboxForMac/Defines (= 2.1.3)
  - GoogleToolboxForMac/DebugUtils (2.1.3):
    - GoogleToolboxForMac/Defines (= 2.1.3)
  - GoogleToolboxForMac/Defines (2.1.3)
  - GoogleToolboxForMac/Logger (2.1.3):
    - GoogleToolboxForMac/Defines (= 2.1.3)
  - GoogleToolboxForMac/NSData+zlib (2.1.3):
    - GoogleToolboxForMac/Defines (= 2.1.3)
  - GoogleToolboxForMac/NSDictionary+URLArguments (2.1.3):
    - GoogleToolboxForMac/DebugUtils (= 2.1.3)
    - GoogleToolboxForMac/Defines (= 2.1.3)
    - GoogleToolboxForMac/NSString+URLArguments (= 2.1.3)
  - GoogleToolboxForMac/NSString+URLArguments (2.1.3)
  - GoogleToolboxForMac/StringEncoding (2.1.3):
    - GoogleToolboxForMac/Defines (= 2.1.3)
  - GoogleToolboxForMac/URLBuilder (2.1.3):
    - GoogleToolboxForMac/Core (= 2.1.3)
    - GoogleToolboxForMac/Defines (= 2.1.3)
    - GoogleToolboxForMac/NSDictionary+URLArguments (= 2.1.3)
    - GoogleToolboxForMac/NSString+URLArguments (= 2.1.3)
  - GTMOAuth2 (1.1.5):
    - GTMSessionFetcher (~> 1.1)
  - GTMSessionFetcher (1.1.12):
    - GTMSessionFetcher/Full (= 1.1.12)
  - GTMSessionFetcher/Core (1.1.12)
  - GTMSessionFetcher/Full (1.1.12):
    - GTMSessionFetcher/Core (= 1.1.12)
  - leveldb-library (1.20)
  - nanopb (0.3.8):
    - nanopb/decode (= 0.3.8)
    - nanopb/encode (= 0.3.8)
  - nanopb/decode (0.3.8)
  - nanopb/encode (0.3.8)
  - Protobuf (3.4.0)
  - SDWebImage (4.2.2):
    - SDWebImage/Core (= 4.2.2)
  - SDWebImage/Core (4.2.2)

DEPENDENCIES:
  - Firebase
  - Firebase/AdMob
  - Firebase/Analytics
  - Firebase/Auth
  - Firebase/Core
  - Firebase/Crash
  - Firebase/Database
  - Firebase/DynamicLinks
  - Firebase/Invites
  - Firebase/Messaging
  - Firebase/Performance
  - Firebase/RemoteConfig
  - Firebase/Storage
  - SDWebImage (~> 4.0)

SPEC CHECKSUMS:
  Firebase: d83d287bdb6b1c78320561482706d1fcfc8ddfc1
  FirebaseABTesting: d07d0ee833b842d5153549e4c7e2e2cb1c23a3f9
  FirebaseAnalytics: 722b53c7b32bfc7806b06e0093a2f5180d4f2c5a
  FirebaseAuth: e7c2b1359c2df4af23a568100a8eace0b8c507e4
  FirebaseCore: da5e8e372cb6046212739a4d81e42d32c22907cc
  FirebaseCrash: cded0fc566c03651aea606a101bc156085f333ca
  FirebaseDatabase: 607284a103e961d7f5863ee603cab5e85f443bd6
  FirebaseDynamicLinks: ed4cb6c42705aaa5e841ed2d76e3a4bddbec10c1
  FirebaseInstanceID: f2b688c66b972f30d7fa9f5f9f91455454a03b47
  FirebaseInvites: 589c8e4233d7e3df0142de037f183b0be218159f
  FirebaseMessaging: 75d83375b0f7a9911568d7bdd1a1a8261cbcbdef
  FirebasePerformance: fa032c27e229eb8c1a8638918793fe2e47465205
  FirebaseRemoteConfig: 451fe8e9c43ac1e7a137ad2a42189bfc8c2c3ebc
  FirebaseStorage: 0cca42d9b889a0227c3a50121f45a4469fc9eb27
  Google-Mobile-Ads-SDK: 113804f266381a30f982ad3c18063d4e0155414f
  GoogleAPIClientForREST: d18c6704317d6d5c56d70f724f8990eb125359a4
  GoogleSignIn: 3fdaa34a2ba04dbd7a25d7db39aecb0da98d5bdc
  GoogleToolboxForMac: 2501e2ad72a52eb3dfe7bd9aee7dad11b858bd20
  GTMOAuth2: be83fd28d63ae3087e7d351b1f39c1a7e24ab6e7
  GTMSessionFetcher: ebaa1f79a5366922c1735f1566901f50beba23b7
  leveldb-library: 44ef425bfde64f5b41daef86b38db2d13edbbee1
  nanopb: 5601e6bca2dbf1ed831b519092ec110f66982ca3
  Protobuf: 03eef2ee0b674770735cf79d9c4d3659cf6908e8
  SDWebImage: 89a9d32cd520bbb46eb14e541d5109b3564af198

PODFILE CHECKSUM: 274e4bc960ea08f375046aa18e601bf56e7ab1ad

COCOAPODS: 1.3.1
